<Solution>
  <Folder Name="/src/">
    <Project Path="src/BackendProjectTemplate.Application/BackendProjectTemplate.Application.csproj" />
    <Project Path="src/BackendProjectTemplate.Consumer/BackendProjectTemplate.Consumer.csproj" />
    <Project Path="src/BackendProjectTemplate.Contracts/BackendProjectTemplate.Contracts.csproj" />
    <Project Path="src/BackendProjectTemplate.DatabaseMigrator/BackendProjectTemplate.DatabaseMigrator.csproj" />
    <Project Path="src/BackendProjectTemplate.Domain/BackendProjectTemplate.Domain.csproj" />
    <Project Path="src/BackendProjectTemplate.Infrastructure/BackendProjectTemplate.Infrastructure.csproj" />
    <Project Path="src/BackendProjectTemplate.Jobs/BackendProjectTemplate.Jobs.csproj" />
    <Project Path="src/BackendProjectTemplate.WebAPI/BackendProjectTemplate.WebAPI.csproj" />
  </Folder>
  <Folder Name="/tests/" />
  <Folder Name="/tests/integration/">
    <Project Path="tests/integration/BackendProjectTemplate.Consumer.IntegrationTests/BackendProjectTemplate.Consumer.IntegrationTests.csproj" />
    <Project Path="tests/integration/BackendProjectTemplate.Jobs.IntegrationTests/BackendProjectTemplate.Jobs.IntegrationTests.csproj" />
    <Project Path="tests/integration/BackendProjectTemplate.WebAPI.IntegrationTests/BackendProjectTemplate.WebAPI.IntegrationTests.csproj" />
  </Folder>
  <Folder Name="/tests/unit/">
    <Project Path="tests/unit/BackendProjectTemplate.Application.UnitTests/BackendProjectTemplate.Application.UnitTests.csproj" />
    <Project Path="tests/unit/BackendProjectTemplate.Consumer.UnitTests/BackendProjectTemplate.Consumer.UnitTests.csproj" />
    <Project Path="tests/unit/BackendProjectTemplate.Domain.UnitTests/BackendProjectTemplate.Domain.UnitTests.csproj" />
    <Project Path="tests/unit/BackendProjectTemplate.Infrastructure.UnitTests/BackendProjectTemplate.Infrastructure.UnitTests.csproj" />
    <Project Path="tests/unit/BackendProjectTemplate.Jobs.UnitTests/BackendProjectTemplate.Jobs.UnitTests.csproj" />
    <Project Path="tests/unit/BackendProjectTemplate.WebAPI.UnitTests/BackendProjectTemplate.WebAPI.UnitTests.csproj" />
  </Folder>
</Solution>
